// !$*UTF8*$!
{
	archiveVersion = 1;
	classes = {
	};
	objectVersion = 46;
	objects = {

/* Begin PBXBuildFile section */
		5D365CD823268B370019EE5D /* simple in Resources */ = {isa = PBXBuildFile; fileRef = 5D365CD623268B370019EE5D /* simple */; };
		5D365CD923268B370019EE5D /* andy in Resources */ = {isa = PBXBuildFile; fileRef = 5D365CD723268B370019EE5D /* andy */; };
		5D365CDD2326AE6A0019EE5D /* clockWithNumbers in Resources */ = {isa = PBXBuildFile; fileRef = 5D365CDA2326AE6A0019EE5D /* clockWithNumbers */; };
		5D365CDE2326AE6A0019EE5D /* compassWithDirections in Resources */ = {isa = PBXBuildFile; fileRef = 5D365CDB2326AE6A0019EE5D /* compassWithDirections */; };
		5D365CDF2326AE6A0019EE5D /* clock in Resources */ = {isa = PBXBuildFile; fileRef = 5D365CDC2326AE6A0019EE5D /* clock */; };
		5D365CE12326AE820019EE5D /* compass in Resources */ = {isa = PBXBuildFile; fileRef = 5D365CE02326AE820019EE5D /* compass */; };
		5D365CE52326BB8B0019EE5D /* colors.png in Resources */ = {isa = PBXBuildFile; fileRef = 5D365CE42326BB8B0019EE5D /* colors.png */; };
		5D365CE7232B01790019EE5D /* weights in Resources */ = {isa = PBXBuildFile; fileRef = 5D365CE6232B01780019EE5D /* weights */; };
		5D365CE9232C8B350019EE5D /* ascii in Resources */ = {isa = PBXBuildFile; fileRef = 5D365CE8232C8B350019EE5D /* ascii */; };
		5DAB6FDD2318B5070049BF88 /* point.png in Resources */ = {isa = PBXBuildFile; fileRef = 5DAB6FDC2318B5070049BF88 /* point.png */; };
		5DC2BC4E232530E200D5EBC5 /* compass02.png in Resources */ = {isa = PBXBuildFile; fileRef = 5DC2BC4C232530E200D5EBC5 /* compass02.png */; };
		5DC2BC4F232530E200D5EBC5 /* clock.png in Resources */ = {isa = PBXBuildFile; fileRef = 5DC2BC4D232530E200D5EBC5 /* clock.png */; };
		5DC2BC512325311B00D5EBC5 /* arrow.png in Resources */ = {isa = PBXBuildFile; fileRef = 5DC2BC502325311B00D5EBC5 /* arrow.png */; };
		5DD397642325B87200BA9764 /* SettingsViewController.swift in Sources */ = {isa = PBXBuildFile; fileRef = 5DD397632325B87200BA9764 /* SettingsViewController.swift */; };
		5DD397682325C96100BA9764 /* settings24.png in Resources */ = {isa = PBXBuildFile; fileRef = 5DD397672325C96100BA9764 /* settings24.png */; };
		5DD3976A2325D20D00BA9764 /* info24.png in Resources */ = {isa = PBXBuildFile; fileRef = 5DD397692325D20D00BA9764 /* info24.png */; };
		5DF2BD48231E9F9F00A0C866 /* info.png in Resources */ = {isa = PBXBuildFile; fileRef = 5DF2BD47231E9F9F00A0C866 /* info.png */; };
		5DF2BD52231EAFF000A0C866 /* TutorialViewController.swift in Sources */ = {isa = PBXBuildFile; fileRef = 5DF2BD51231EAFF000A0C866 /* TutorialViewController.swift */; };
		D50657241DF2F4C8002B7557 /* UUIDKey.swift in Sources */ = {isa = PBXBuildFile; fileRef = D50657231DF2F4C8002B7557 /* UUIDKey.swift */; };
		D50657261DF45E04002B7557 /* UartModuleViewController.swift in Sources */ = {isa = PBXBuildFile; fileRef = D50657251DF45E04002B7557 /* UartModuleViewController.swift */; };
		D5B24DDC1DEE393B00D33B5A /* AppDelegate.swift in Sources */ = {isa = PBXBuildFile; fileRef = D5B24DDB1DEE393B00D33B5A /* AppDelegate.swift */; };
		D5B24DE11DEE393B00D33B5A /* Main.storyboard in Resources */ = {isa = PBXBuildFile; fileRef = D5B24DDF1DEE393B00D33B5A /* Main.storyboard */; };
		D5B24DE31DEE393B00D33B5A /* Assets.xcassets in Resources */ = {isa = PBXBuildFile; fileRef = D5B24DE21DEE393B00D33B5A /* Assets.xcassets */; };
		D5B24DE61DEE393B00D33B5A /* LaunchScreen.storyboard in Resources */ = {isa = PBXBuildFile; fileRef = D5B24DE41DEE393B00D33B5A /* LaunchScreen.storyboard */; };
		D5B24DEE1DEE399800D33B5A /* BLECentralViewController.swift in Sources */ = {isa = PBXBuildFile; fileRef = D5B24DED1DEE399800D33B5A /* BLECentralViewController.swift */; };
		D5B24DF11DEF153A00D33B5A /* PeripheralTableViewCell.swift in Sources */ = {isa = PBXBuildFile; fileRef = D5B24DEF1DEF153A00D33B5A /* PeripheralTableViewCell.swift */; };
/* End PBXBuildFile section */

/* Begin PBXFileReference section */
		5D365CD623268B370019EE5D /* simple */ = {isa = PBXFileReference; lastKnownFileType = file; path = simple; sourceTree = "<group>"; };
		5D365CD723268B370019EE5D /* andy */ = {isa = PBXFileReference; lastKnownFileType = file; path = andy; sourceTree = "<group>"; };
		5D365CDA2326AE6A0019EE5D /* clockWithNumbers */ = {isa = PBXFileReference; lastKnownFileType = file; path = clockWithNumbers; sourceTree = "<group>"; };
		5D365CDB2326AE6A0019EE5D /* compassWithDirections */ = {isa = PBXFileReference; lastKnownFileType = file; path = compassWithDirections; sourceTree = "<group>"; };
		5D365CDC2326AE6A0019EE5D /* clock */ = {isa = PBXFileReference; lastKnownFileType = file; path = clock; sourceTree = "<group>"; };
		5D365CE02326AE820019EE5D /* compass */ = {isa = PBXFileReference; lastKnownFileType = file; path = compass; sourceTree = "<group>"; };
		5D365CE42326BB8B0019EE5D /* colors.png */ = {isa = PBXFileReference; lastKnownFileType = image.png; path = colors.png; sourceTree = "<group>"; };
		5D365CE6232B01780019EE5D /* weights */ = {isa = PBXFileReference; fileEncoding = 4; lastKnownFileType = text; path = weights; sourceTree = "<group>"; };
		5D365CE8232C8B350019EE5D /* ascii */ = {isa = PBXFileReference; fileEncoding = 4; lastKnownFileType = text; path = ascii; sourceTree = "<group>"; };
		5DAB6FDC2318B5070049BF88 /* point.png */ = {isa = PBXFileReference; lastKnownFileType = image.png; path = point.png; sourceTree = "<group>"; };
		5DC2BC4C232530E200D5EBC5 /* compass02.png */ = {isa = PBXFileReference; lastKnownFileType = image.png; path = compass02.png; sourceTree = "<group>"; };
		5DC2BC4D232530E200D5EBC5 /* clock.png */ = {isa = PBXFileReference; lastKnownFileType = image.png; path = clock.png; sourceTree = "<group>"; };
		5DC2BC502325311B00D5EBC5 /* arrow.png */ = {isa = PBXFileReference; lastKnownFileType = image.png; path = arrow.png; sourceTree = "<group>"; };
		5DD397632325B87200BA9764 /* SettingsViewController.swift */ = {isa = PBXFileReference; lastKnownFileType = sourcecode.swift; path = SettingsViewController.swift; sourceTree = "<group>"; };
		5DD397672325C96100BA9764 /* settings24.png */ = {isa = PBXFileReference; lastKnownFileType = image.png; path = settings24.png; sourceTree = "<group>"; };
		5DD397692325D20D00BA9764 /* info24.png */ = {isa = PBXFileReference; lastKnownFileType = image.png; path = info24.png; sourceTree = "<group>"; };
		5DF2BD47231E9F9F00A0C866 /* info.png */ = {isa = PBXFileReference; lastKnownFileType = image.png; path = info.png; sourceTree = "<group>"; };
		5DF2BD51231EAFF000A0C866 /* TutorialViewController.swift */ = {isa = PBXFileReference; lastKnownFileType = sourcecode.swift; path = TutorialViewController.swift; sourceTree = "<group>"; };
		D50657231DF2F4C8002B7557 /* UUIDKey.swift */ = {isa = PBXFileReference; fileEncoding = 4; lastKnownFileType = sourcecode.swift; path = UUIDKey.swift; sourceTree = "<group>"; };
		D50657251DF45E04002B7557 /* UartModuleViewController.swift */ = {isa = PBXFileReference; fileEncoding = 4; lastKnownFileType = sourcecode.swift; path = UartModuleViewController.swift; sourceTree = "<group>"; usesTabs = 0; };
		D5B24DD81DEE393B00D33B5A /* E4RS.app */ = {isa = PBXFileReference; explicitFileType = wrapper.application; includeInIndex = 0; path = E4RS.app; sourceTree = BUILT_PRODUCTS_DIR; };
		D5B24DDB1DEE393B00D33B5A /* AppDelegate.swift */ = {isa = PBXFileReference; lastKnownFileType = sourcecode.swift; path = AppDelegate.swift; sourceTree = "<group>"; };
		D5B24DE01DEE393B00D33B5A /* Base */ = {isa = PBXFileReference; lastKnownFileType = file.storyboard; name = Base; path = Base.lproj/Main.storyboard; sourceTree = "<group>"; };
		D5B24DE21DEE393B00D33B5A /* Assets.xcassets */ = {isa = PBXFileReference; lastKnownFileType = folder.assetcatalog; path = Assets.xcassets; sourceTree = "<group>"; };
		D5B24DE51DEE393B00D33B5A /* Base */ = {isa = PBXFileReference; lastKnownFileType = file.storyboard; name = Base; path = Base.lproj/LaunchScreen.storyboard; sourceTree = "<group>"; };
		D5B24DE71DEE393B00D33B5A /* Info.plist */ = {isa = PBXFileReference; lastKnownFileType = text.plist.xml; path = Info.plist; sourceTree = "<group>"; };
		D5B24DED1DEE399800D33B5A /* BLECentralViewController.swift */ = {isa = PBXFileReference; fileEncoding = 4; lastKnownFileType = sourcecode.swift; path = BLECentralViewController.swift; sourceTree = "<group>"; };
		D5B24DEF1DEF153A00D33B5A /* PeripheralTableViewCell.swift */ = {isa = PBXFileReference; fileEncoding = 4; lastKnownFileType = sourcecode.swift; path = PeripheralTableViewCell.swift; sourceTree = "<group>"; };
/* End PBXFileReference section */

/* Begin PBXFrameworksBuildPhase section */
		D5B24DD51DEE393B00D33B5A /* Frameworks */ = {
			isa = PBXFrameworksBuildPhase;
			buildActionMask = 2147483647;
			files = (
			);
			runOnlyForDeploymentPostprocessing = 0;
		};
/* End PBXFrameworksBuildPhase section */

/* Begin PBXGroup section */
		D5B24DCF1DEE393B00D33B5A = {
			isa = PBXGroup;
			children = (
				D5B24DDA1DEE393B00D33B5A /* E4RS */,
				D5B24DD91DEE393B00D33B5A /* Products */,
			);
			sourceTree = "<group>";
		};
		D5B24DD91DEE393B00D33B5A /* Products */ = {
			isa = PBXGroup;
			children = (
				D5B24DD81DEE393B00D33B5A /* E4RS.app */,
			);
			name = Products;
			sourceTree = "<group>";
		};
		D5B24DDA1DEE393B00D33B5A /* E4RS */ = {
			isa = PBXGroup;
			children = (
				D5B24DDB1DEE393B00D33B5A /* AppDelegate.swift */,
				D5B24DED1DEE399800D33B5A /* BLECentralViewController.swift */,
				5DAB6FDC2318B5070049BF88 /* point.png */,
				5D365CD723268B370019EE5D /* andy */,
				5D365CD623268B370019EE5D /* simple */,
				D50657251DF45E04002B7557 /* UartModuleViewController.swift */,
				5D365CE8232C8B350019EE5D /* ascii */,
				5D365CE6232B01780019EE5D /* weights */,
				5D365CDC2326AE6A0019EE5D /* clock */,
				5D365CDA2326AE6A0019EE5D /* clockWithNumbers */,
				5D365CDB2326AE6A0019EE5D /* compassWithDirections */,
				5DF2BD51231EAFF000A0C866 /* TutorialViewController.swift */,
				5DD397632325B87200BA9764 /* SettingsViewController.swift */,
				D5B24DEF1DEF153A00D33B5A /* PeripheralTableViewCell.swift */,
				D50657231DF2F4C8002B7557 /* UUIDKey.swift */,
				D5B24DDF1DEE393B00D33B5A /* Main.storyboard */,
				5D365CE42326BB8B0019EE5D /* colors.png */,
				5DD397672325C96100BA9764 /* settings24.png */,
				5DC2BC502325311B00D5EBC5 /* arrow.png */,
				5DC2BC4D232530E200D5EBC5 /* clock.png */,
				5DC2BC4C232530E200D5EBC5 /* compass02.png */,
				5D365CE02326AE820019EE5D /* compass */,
				5DD397692325D20D00BA9764 /* info24.png */,
				5DF2BD47231E9F9F00A0C866 /* info.png */,
				D5B24DE21DEE393B00D33B5A /* Assets.xcassets */,
				D5B24DE41DEE393B00D33B5A /* LaunchScreen.storyboard */,
				D5B24DE71DEE393B00D33B5A /* Info.plist */,
			);
			path = E4RS;
			sourceTree = "<group>";
		};
/* End PBXGroup section */

/* Begin PBXNativeTarget section */
		D5B24DD71DEE393B00D33B5A /* E4RS */ = {
			isa = PBXNativeTarget;
			buildConfigurationList = D5B24DEA1DEE393B00D33B5A /* Build configuration list for PBXNativeTarget "E4RS" */;
			buildPhases = (
				D5B24DD41DEE393B00D33B5A /* Sources */,
				D5B24DD51DEE393B00D33B5A /* Frameworks */,
				D5B24DD61DEE393B00D33B5A /* Resources */,
			);
			buildRules = (
			);
			dependencies = (
			);
			name = E4RS;
			productName = E4RS;
			productReference = D5B24DD81DEE393B00D33B5A /* E4RS.app */;
			productType = "com.apple.product-type.application";
		};
/* End PBXNativeTarget section */

/* Begin PBXProject section */
		D5B24DD01DEE393B00D33B5A /* Project object */ = {
			isa = PBXProject;
			attributes = {
				LastSwiftUpdateCheck = 0800;
				LastUpgradeCheck = 1030;
				ORGANIZATIONNAME = "Vanguard Logic LLC";
				TargetAttributes = {
					D5B24DD71DEE393B00D33B5A = {
						CreatedOnToolsVersion = 8.0;
						DevelopmentTeam = W83Q54G9UA;
						ProvisioningStyle = Automatic;
					};
				};
			};
			buildConfigurationList = D5B24DD31DEE393B00D33B5A /* Build configuration list for PBXProject "E4RS" */;
			compatibilityVersion = "Xcode 3.2";
			developmentRegion = en;
			hasScannedForEncodings = 0;
			knownRegions = (
				en,
				Base,
			);
			mainGroup = D5B24DCF1DEE393B00D33B5A;
			productRefGroup = D5B24DD91DEE393B00D33B5A /* Products */;
			projectDirPath = "";
			projectRoot = "";
			targets = (
				D5B24DD71DEE393B00D33B5A /* E4RS */,
			);
		};
/* End PBXProject section */

/* Begin PBXResourcesBuildPhase section */
		D5B24DD61DEE393B00D33B5A /* Resources */ = {
			isa = PBXResourcesBuildPhase;
			buildActionMask = 2147483647;
			files = (
				5D365CE7232B01790019EE5D /* weights in Resources */,
				5DC2BC4F232530E200D5EBC5 /* clock.png in Resources */,
				5D365CD823268B370019EE5D /* simple in Resources */,
				5DD397682325C96100BA9764 /* settings24.png in Resources */,
				5D365CE52326BB8B0019EE5D /* colors.png in Resources */,
				5DC2BC4E232530E200D5EBC5 /* compass02.png in Resources */,
				5D365CDD2326AE6A0019EE5D /* clockWithNumbers in Resources */,
				5DC2BC512325311B00D5EBC5 /* arrow.png in Resources */,
				5D365CDF2326AE6A0019EE5D /* clock in Resources */,
				5D365CE9232C8B350019EE5D /* ascii in Resources */,
				5DF2BD48231E9F9F00A0C866 /* info.png in Resources */,
				D5B24DE61DEE393B00D33B5A /* LaunchScreen.storyboard in Resources */,
				5DAB6FDD2318B5070049BF88 /* point.png in Resources */,
				5D365CD923268B370019EE5D /* andy in Resources */,
				D5B24DE31DEE393B00D33B5A /* Assets.xcassets in Resources */,
				5D365CDE2326AE6A0019EE5D /* compassWithDirections in Resources */,
				5D365CE12326AE820019EE5D /* compass in Resources */,
				D5B24DE11DEE393B00D33B5A /* Main.storyboard in Resources */,
				5DD3976A2325D20D00BA9764 /* info24.png in Resources */,
			);
			runOnlyForDeploymentPostprocessing = 0;
		};
/* End PBXResourcesBuildPhase section */

/* Begin PBXSourcesBuildPhase section */
		D5B24DD41DEE393B00D33B5A /* Sources */ = {
			isa = PBXSourcesBuildPhase;
			buildActionMask = 2147483647;
			files = (
				D50657241DF2F4C8002B7557 /* UUIDKey.swift in Sources */,
				D5B24DEE1DEE399800D33B5A /* BLECentralViewController.swift in Sources */,
				5DD397642325B87200BA9764 /* SettingsViewController.swift in Sources */,
				D5B24DDC1DEE393B00D33B5A /* AppDelegate.swift in Sources */,
				D50657261DF45E04002B7557 /* UartModuleViewController.swift in Sources */,
				5DF2BD52231EAFF000A0C866 /* TutorialViewController.swift in Sources */,
				D5B24DF11DEF153A00D33B5A /* PeripheralTableViewCell.swift in Sources */,
			);
			runOnlyForDeploymentPostprocessing = 0;
		};
/* End PBXSourcesBuildPhase section */

/* Begin PBXVariantGroup section */
		D5B24DDF1DEE393B00D33B5A /* Main.storyboard */ = {
			isa = PBXVariantGroup;
			children = (
				D5B24DE01DEE393B00D33B5A /* Base */,
			);
			name = Main.storyboard;
			sourceTree = "<group>";
		};
		D5B24DE41DEE393B00D33B5A /* LaunchScreen.storyboard */ = {
			isa = PBXVariantGroup;
			children = (
				D5B24DE51DEE393B00D33B5A /* Base */,
			);
			name = LaunchScreen.storyboard;
			sourceTree = "<group>";
		};
/* End PBXVariantGroup section */

/* Begin XCBuildConfiguration section */
		D5B24DE81DEE393B00D33B5A /* Debug */ = {
			isa = XCBuildConfiguration;
			buildSettings = {
				ALWAYS_SEARCH_USER_PATHS = NO;
				CLANG_ANALYZER_LOCALIZABILITY_NONLOCALIZED = YES;
				CLANG_ANALYZER_NONNULL = YES;
				CLANG_CXX_LANGUAGE_STANDARD = "gnu++0x";
				CLANG_CXX_LIBRARY = "libc++";
				CLANG_ENABLE_MODULES = YES;
				CLANG_ENABLE_OBJC_ARC = YES;
				CLANG_WARN_BLOCK_CAPTURE_AUTORELEASING = YES;
				CLANG_WARN_BOOL_CONVERSION = YES;
				CLANG_WARN_COMMA = YES;
				CLANG_WARN_CONSTANT_CONVERSION = YES;
				CLANG_WARN_DEPRECATED_OBJC_IMPLEMENTATIONS = YES;
				CLANG_WARN_DIRECT_OBJC_ISA_USAGE = YES_ERROR;
				CLANG_WARN_DOCUMENTATION_COMMENTS = YES;
				CLANG_WARN_EMPTY_BODY = YES;
				CLANG_WARN_ENUM_CONVERSION = YES;
				CLANG_WARN_INFINITE_RECURSION = YES;
				CLANG_WARN_INT_CONVERSION = YES;
				CLANG_WARN_NON_LITERAL_NULL_CONVERSION = YES;
				CLANG_WARN_OBJC_IMPLICIT_RETAIN_SELF = YES;
				CLANG_WARN_OBJC_LITERAL_CONVERSION = YES;
				CLANG_WARN_OBJC_ROOT_CLASS = YES_ERROR;
				CLANG_WARN_RANGE_LOOP_ANALYSIS = YES;
				CLANG_WARN_STRICT_PROTOTYPES = YES;
				CLANG_WARN_SUSPICIOUS_MOVE = YES;
				CLANG_WARN_SUSPICIOUS_MOVES = YES;
				CLANG_WARN_UNREACHABLE_CODE = YES;
				CLANG_WARN__DUPLICATE_METHOD_MATCH = YES;
				"CODE_SIGN_IDENTITY[sdk=iphoneos*]" = "iPhone Developer";
				COPY_PHASE_STRIP = NO;
				DEBUG_INFORMATION_FORMAT = dwarf;
				ENABLE_STRICT_OBJC_MSGSEND = YES;
				ENABLE_TESTABILITY = YES;
				GCC_C_LANGUAGE_STANDARD = gnu99;
				GCC_DYNAMIC_NO_PIC = NO;
				GCC_NO_COMMON_BLOCKS = YES;
				GCC_OPTIMIZATION_LEVEL = 0;
				GCC_PREPROCESSOR_DEFINITIONS = (
					"DEBUG=1",
					"$(inherited)",
				);
				GCC_WARN_64_TO_32_BIT_CONVERSION = YES;
				GCC_WARN_ABOUT_RETURN_TYPE = YES_ERROR;
				GCC_WARN_UNDECLARED_SELECTOR = YES;
				GCC_WARN_UNINITIALIZED_AUTOS = YES_AGGRESSIVE;
				GCC_WARN_UNUSED_FUNCTION = YES;
				GCC_WARN_UNUSED_VARIABLE = YES;
				IPHONEOS_DEPLOYMENT_TARGET = 10.0;
				MTL_ENABLE_DEBUG_INFO = YES;
				ONLY_ACTIVE_ARCH = YES;
				SDKROOT = iphoneos;
				SWIFT_ACTIVE_COMPILATION_CONDITIONS = DEBUG;
				SWIFT_OPTIMIZATION_LEVEL = "-Onone";
				TARGETED_DEVICE_FAMILY = "1,2";
			};
			name = Debug;
		};
		D5B24DE91DEE393B00D33B5A /* Release */ = {
			isa = XCBuildConfiguration;
			buildSettings = {
				ALWAYS_SEARCH_USER_PATHS = NO;
				CLANG_ANALYZER_LOCALIZABILITY_NONLOCALIZED = YES;
				CLANG_ANALYZER_NONNULL = YES;
				CLANG_CXX_LANGUAGE_STANDARD = "gnu++0x";
				CLANG_CXX_LIBRARY = "libc++";
				CLANG_ENABLE_MODULES = YES;
				CLANG_ENABLE_OBJC_ARC = YES;
				CLANG_WARN_BLOCK_CAPTURE_AUTORELEASING = YES;
				CLANG_WARN_BOOL_CONVERSION = YES;
				CLANG_WARN_COMMA = YES;
				CLANG_WARN_CONSTANT_CONVERSION = YES;
				CLANG_WARN_DEPRECATED_OBJC_IMPLEMENTATIONS = YES;
				CLANG_WARN_DIRECT_OBJC_ISA_USAGE = YES_ERROR;
				CLANG_WARN_DOCUMENTATION_COMMENTS = YES;
				CLANG_WARN_EMPTY_BODY = YES;
				CLANG_WARN_ENUM_CONVERSION = YES;
				CLANG_WARN_INFINITE_RECURSION = YES;
				CLANG_WARN_INT_CONVERSION = YES;
				CLANG_WARN_NON_LITERAL_NULL_CONVERSION = YES;
				CLANG_WARN_OBJC_IMPLICIT_RETAIN_SELF = YES;
				CLANG_WARN_OBJC_LITERAL_CONVERSION = YES;
				CLANG_WARN_OBJC_ROOT_CLASS = YES_ERROR;
				CLANG_WARN_RANGE_LOOP_ANALYSIS = YES;
				CLANG_WARN_STRICT_PROTOTYPES = YES;
				CLANG_WARN_SUSPICIOUS_MOVE = YES;
				CLANG_WARN_SUSPICIOUS_MOVES = YES;
				CLANG_WARN_UNREACHABLE_CODE = YES;
				CLANG_WARN__DUPLICATE_METHOD_MATCH = YES;
				"CODE_SIGN_IDENTITY[sdk=iphoneos*]" = "iPhone Developer";
				COPY_PHASE_STRIP = NO;
				DEBUG_INFORMATION_FORMAT = "dwarf-with-dsym";
				ENABLE_NS_ASSERTIONS = NO;
				ENABLE_STRICT_OBJC_MSGSEND = YES;
				GCC_C_LANGUAGE_STANDARD = gnu99;
				GCC_NO_COMMON_BLOCKS = YES;
				GCC_WARN_64_TO_32_BIT_CONVERSION = YES;
				GCC_WARN_ABOUT_RETURN_TYPE = YES_ERROR;
				GCC_WARN_UNDECLARED_SELECTOR = YES;
				GCC_WARN_UNINITIALIZED_AUTOS = YES_AGGRESSIVE;
				GCC_WARN_UNUSED_FUNCTION = YES;
				GCC_WARN_UNUSED_VARIABLE = YES;
				IPHONEOS_DEPLOYMENT_TARGET = 10.0;
				MTL_ENABLE_DEBUG_INFO = NO;
				SDKROOT = iphoneos;
				SWIFT_OPTIMIZATION_LEVEL = "-Owholemodule";
				TARGETED_DEVICE_FAMILY = "1,2";
				VALIDATE_PRODUCT = YES;
			};
			name = Release;
		};
		D5B24DEB1DEE393B00D33B5A /* Debug */ = {
			isa = XCBuildConfiguration;
			buildSettings = {
				ASSETCATALOG_COMPILER_APPICON_NAME = AppIcon;
				DEVELOPMENT_TEAM = W83Q54G9UA;
				INFOPLIST_FILE = E4RS/Info.plist;
				IPHONEOS_DEPLOYMENT_TARGET = 10.3;
				LD_RUNPATH_SEARCH_PATHS = "$(inherited) @executable_path/Frameworks";
				PRODUCT_BUNDLE_IDENTIFIER = "BeatonTech.Basic-Chatj";
				PRODUCT_NAME = "$(TARGET_NAME)";
				SWIFT_VERSION = 5.0;
			};
			name = Debug;
		};
		D5B24DEC1DEE393B00D33B5A /* Release */ = {
			isa = XCBuildConfiguration;
			buildSettings = {
				ASSETCATALOG_COMPILER_APPICON_NAME = AppIcon;
				DEVELOPMENT_TEAM = W83Q54G9UA;
				INFOPLIST_FILE = E4RS/Info.plist;
				IPHONEOS_DEPLOYMENT_TARGET = 10.3;
				LD_RUNPATH_SEARCH_PATHS = "$(inherited) @executable_path/Frameworks";
				PRODUCT_BUNDLE_IDENTIFIER = "BeatonTech.Basic-Chatj";
				PRODUCT_NAME = "$(TARGET_NAME)";
				SWIFT_VERSION = 5.0;
			};
			name = Release;
		};
/* End XCBuildConfiguration section */

/* Begin XCConfigurationList section */
		D5B24DD31DEE393B00D33B5A /* Build configuration list for PBXProject "E4RS" */ = {
			isa = XCConfigurationList;
			buildConfigurations = (
				D5B24DE81DEE393B00D33B5A /* Debug */,
				D5B24DE91DEE393B00D33B5A /* Release */,
			);
			defaultConfigurationIsVisible = 0;
			defaultConfigurationName = Release;
		};
		D5B24DEA1DEE393B00D33B5A /* Build configuration list for PBXNativeTarget "E4RS" */ = {
			isa = XCConfigurationList;
			buildConfigurations = (
				D5B24DEB1DEE393B00D33B5A /* Debug */,
				D5B24DEC1DEE393B00D33B5A /* Release */,
			);
			defaultConfigurationIsVisible = 0;
			defaultConfigurationName = Release;
		};
/* End XCConfigurationList section */
	};
	rootObject = D5B24DD01DEE393B00D33B5A /* Project object */;
}
